
Microsoft Visual Studio Solution File, Format Version 12.00
# Visual Studio Version 17
VisualStudioVersion = 17.8.34004.107
MinimumVisualStudioVersion = 10.0.40219.1
Project("{9A19103F-16F7-4668-BE54-9A1E7A4F7556}") = "01-Uvod-01-Hello-World", "01-Uvod-01-Hello-World\01-Uvod-01-Hello-World.csproj", "{493299F8-5A79-4CE5-9779-14DD4716BBD5}"
EndProject
Project("{9A19103F-16F7-4668-BE54-9A1E7A4F7556}") = "01-Uvod-02-Konzole", "01-Uvod-02-Konzole\01-Uvod-02-Konzole.csproj", "{41A7E91F-04D7-4ED1-B625-A27502028AD1}"
EndProject
Project("{9A19103F-16F7-4668-BE54-9A1E7A4F7556}") = "01-Uvod-03-Skladani-retezcu", "01-Uvod-03-Skladani-retezcu\01-Uvod-03-Skladani-retezcu.csproj", "{504FB4A0-191D-4BF8-97A2-F63A5718680D}"
EndProject
Project("{9A19103F-16F7-4668-BE54-9A1E7A4F7556}") = "01-Uvod-04-Cisla", "01-Uvod-04-Cisla\01-Uvod-04-Cisla.csproj", "{3FCA8F07-029D-40BC-8389-BCB3B861D779}"
EndProject
Project("{9A19103F-16F7-4668-BE54-9A1E7A4F7556}") = "01-Uvod-05-Nacitani-cisla", "01-Uvod-05-Nacitani-cisla\01-Uvod-05-Nacitani-cisla.csproj", "{F78E95F1-FBF5-4871-AC74-E6BF8E026E98}"
EndProject
Project("{9A19103F-16F7-4668-BE54-9A1E7A4F7556}") = "01-Uvod-06-Znak", "01-Uvod-06-Znak\01-Uvod-06-Znak.csproj", "{800D24D2-EA97-4A78-BE92-11D9449F4FEF}"
EndProject
Project("{9A19103F-16F7-4668-BE54-9A1E7A4F7556}") = "01-Uvod-07-Prumer", "01-Uvod-07-Prumer\01-Uvod-07-Prumer.csproj", "{35C03863-1275-4260-962D-9F15689B7BA4}"
EndProject
Project("{9A19103F-16F7-4668-BE54-9A1E7A4F7556}") = "01-Uvod-08-Prohozeni", "01-Uvod-08-Prohozeni\01-Uvod-08-Prohozeni.csproj", "{CA841847-3ABB-4072-9CA7-B1AFD72048C2}"
EndProject
Project("{9A19103F-16F7-4668-BE54-9A1E7A4F7556}") = "01-Uvod-09-Kolik-bude-za-rok", "01-Uvod-09-Kolik-bude-za-rok\01-Uvod-09-Kolik-bude-za-rok.csproj", "{850930AB-77E2-47B6-B4E7-6020A7168F3F}"
EndProject
Project("{9A19103F-16F7-4668-BE54-9A1E7A4F7556}") = "02-Podminky-01-Demo", "02-Podminky-01-Demo\02-Podminky-01-Demo.csproj", "{B1FCFBE6-920D-40E2-B38D-825D9CE5C15D}"
EndProject
Project("{9A19103F-16F7-4668-BE54-9A1E7A4F7556}") = "02-Podminky-02-Bool", "02-Podminky-02-Bool\02-Podminky-02-Bool.csproj", "{78D157D8-1F73-4AAA-A9C1-53E69A0FAD4C}"
EndProject
Project("{2150E333-8FDC-42A3-9474-1A3956D46DE8}") = "01-Uvod", "01-Uvod", "{70D76F9D-6E7B-4D51-B8E3-1B6107F7303B}"
EndProject
Project("{2150E333-8FDC-42A3-9474-1A3956D46DE8}") = "02-Podminky", "02-Podminky", "{FB45CDD6-FE86-4D2E-8C1F-04AB070EF449}"
EndProject
Project("{9A19103F-16F7-4668-BE54-9A1E7A4F7556}") = "02-Podminky-03-Rovnost", "02-Podminky-03-Rovnost\02-Podminky-03-Rovnost.csproj", "{3CFFE33C-2544-44D1-9AD8-B42E766B1C04}"
EndProject
Project("{9A19103F-16F7-4668-BE54-9A1E7A4F7556}") = "02-Podminky-04-Suda-a-licha", "02-Podminky-04-Suda-a-licha\02-Podminky-04-Suda-a-licha.csproj", "{B9111CE6-87FF-4733-8E79-BFA2DD02E373}"
EndProject
Project("{FAE04EC0-301F-11D3-BF4B-00C04F79EFBC}") = "02-Podminky-05-Jak-se-neopakovat", "02-Podminky-05-Jak-se-neopakovat\02-Podminky-05-Jak-se-neopakovat.csproj", "{0C040704-C4FB-4C18-ABC2-3F3792C279C0}"
EndProject
Project("{FAE04EC0-301F-11D3-BF4B-00C04F79EFBC}") = "05-Podminky-06-Ternarni", "05-Podminky-06-Ternarni\05-Podminky-06-Ternarni.csproj", "{6505BB9E-E552-4025-A8D4-C6BF0A2E0729}"
EndProject
Project("{FAE04EC0-301F-11D3-BF4B-00C04F79EFBC}") = "05-Podminky-07-Nacteni-klavesy", "05-Podminky-07-Nacteni-klavesy\05-Podminky-07-Nacteni-klavesy.csproj", "{D3F4E77D-2ED3-457C-8AEA-8E13AF8B6056}"
EndProject
Project("{FAE04EC0-301F-11D3-BF4B-00C04F79EFBC}") = "05-Podminky-08-Logicke-operatory", "05-Podminky-08-Logicke-operatory\05-Podminky-08-Logicke-operatory.csproj", "{23BBD302-8236-4695-A841-1AA19A6BAA72}"
EndProject
Global
	GlobalSection(SolutionConfigurationPlatforms) = preSolution
		Debug|Any CPU = Debug|Any CPU
		Release|Any CPU = Release|Any CPU
	EndGlobalSection
	GlobalSection(ProjectConfigurationPlatforms) = postSolution
		{493299F8-5A79-4CE5-9779-14DD4716BBD5}.Debug|Any CPU.ActiveCfg = Debug|Any CPU
		{493299F8-5A79-4CE5-9779-14DD4716BBD5}.Debug|Any CPU.Build.0 = Debug|Any CPU
		{493299F8-5A79-4CE5-9779-14DD4716BBD5}.Release|Any CPU.ActiveCfg = Release|Any CPU
		{493299F8-5A79-4CE5-9779-14DD4716BBD5}.Release|Any CPU.Build.0 = Release|Any CPU
		{41A7E91F-04D7-4ED1-B625-A27502028AD1}.Debug|Any CPU.ActiveCfg = Debug|Any CPU
		{41A7E91F-04D7-4ED1-B625-A27502028AD1}.Debug|Any CPU.Build.0 = Debug|Any CPU
		{41A7E91F-04D7-4ED1-B625-A27502028AD1}.Release|Any CPU.ActiveCfg = Release|Any CPU
		{41A7E91F-04D7-4ED1-B625-A27502028AD1}.Release|Any CPU.Build.0 = Release|Any CPU
		{504FB4A0-191D-4BF8-97A2-F63A5718680D}.Debug|Any CPU.ActiveCfg = Debug|Any CPU
		{504FB4A0-191D-4BF8-97A2-F63A5718680D}.Debug|Any CPU.Build.0 = Debug|Any CPU
		{504FB4A0-191D-4BF8-97A2-F63A5718680D}.Release|Any CPU.ActiveCfg = Release|Any CPU
		{504FB4A0-191D-4BF8-97A2-F63A5718680D}.Release|Any CPU.Build.0 = Release|Any CPU
		{3FCA8F07-029D-40BC-8389-BCB3B861D779}.Debug|Any CPU.ActiveCfg = Debug|Any CPU
		{3FCA8F07-029D-40BC-8389-BCB3B861D779}.Debug|Any CPU.Build.0 = Debug|Any CPU
		{3FCA8F07-029D-40BC-8389-BCB3B861D779}.Release|Any CPU.ActiveCfg = Release|Any CPU
		{3FCA8F07-029D-40BC-8389-BCB3B861D779}.Release|Any CPU.Build.0 = Release|Any CPU
		{F78E95F1-FBF5-4871-AC74-E6BF8E026E98}.Debug|Any CPU.ActiveCfg = Debug|Any CPU
		{F78E95F1-FBF5-4871-AC74-E6BF8E026E98}.Debug|Any CPU.Build.0 = Debug|Any CPU
		{F78E95F1-FBF5-4871-AC74-E6BF8E026E98}.Release|Any CPU.ActiveCfg = Release|Any CPU
		{F78E95F1-FBF5-4871-AC74-E6BF8E026E98}.Release|Any CPU.Build.0 = Release|Any CPU
		{800D24D2-EA97-4A78-BE92-11D9449F4FEF}.Debug|Any CPU.ActiveCfg = Debug|Any CPU
		{800D24D2-EA97-4A78-BE92-11D9449F4FEF}.Debug|Any CPU.Build.0 = Debug|Any CPU
		{800D24D2-EA97-4A78-BE92-11D9449F4FEF}.Release|Any CPU.ActiveCfg = Release|Any CPU
		{800D24D2-EA97-4A78-BE92-11D9449F4FEF}.Release|Any CPU.Build.0 = Release|Any CPU
		{35C03863-1275-4260-962D-9F15689B7BA4}.Debug|Any CPU.ActiveCfg = Debug|Any CPU
		{35C03863-1275-4260-962D-9F15689B7BA4}.Debug|Any CPU.Build.0 = Debug|Any CPU
		{35C03863-1275-4260-962D-9F15689B7BA4}.Release|Any CPU.ActiveCfg = Release|Any CPU
		{35C03863-1275-4260-962D-9F15689B7BA4}.Release|Any CPU.Build.0 = Release|Any CPU
		{CA841847-3ABB-4072-9CA7-B1AFD72048C2}.Debug|Any CPU.ActiveCfg = Debug|Any CPU
		{CA841847-3ABB-4072-9CA7-B1AFD72048C2}.Debug|Any CPU.Build.0 = Debug|Any CPU
		{CA841847-3ABB-4072-9CA7-B1AFD72048C2}.Release|Any CPU.ActiveCfg = Release|Any CPU
		{CA841847-3ABB-4072-9CA7-B1AFD72048C2}.Release|Any CPU.Build.0 = Release|Any CPU
		{850930AB-77E2-47B6-B4E7-6020A7168F3F}.Debug|Any CPU.ActiveCfg = Debug|Any CPU
		{850930AB-77E2-47B6-B4E7-6020A7168F3F}.Debug|Any CPU.Build.0 = Debug|Any CPU
		{850930AB-77E2-47B6-B4E7-6020A7168F3F}.Release|Any CPU.ActiveCfg = Release|Any CPU
		{850930AB-77E2-47B6-B4E7-6020A7168F3F}.Release|Any CPU.Build.0 = Release|Any CPU
		{B1FCFBE6-920D-40E2-B38D-825D9CE5C15D}.Debug|Any CPU.ActiveCfg = Debug|Any CPU
		{B1FCFBE6-920D-40E2-B38D-825D9CE5C15D}.Debug|Any CPU.Build.0 = Debug|Any CPU
		{B1FCFBE6-920D-40E2-B38D-825D9CE5C15D}.Release|Any CPU.ActiveCfg = Release|Any CPU
		{B1FCFBE6-920D-40E2-B38D-825D9CE5C15D}.Release|Any CPU.Build.0 = Release|Any CPU
		{78D157D8-1F73-4AAA-A9C1-53E69A0FAD4C}.Debug|Any CPU.ActiveCfg = Debug|Any CPU
		{78D157D8-1F73-4AAA-A9C1-53E69A0FAD4C}.Debug|Any CPU.Build.0 = Debug|Any CPU
		{78D157D8-1F73-4AAA-A9C1-53E69A0FAD4C}.Release|Any CPU.ActiveCfg = Release|Any CPU
		{78D157D8-1F73-4AAA-A9C1-53E69A0FAD4C}.Release|Any CPU.Build.0 = Release|Any CPU
		{3CFFE33C-2544-44D1-9AD8-B42E766B1C04}.Debug|Any CPU.ActiveCfg = Debug|Any CPU
		{3CFFE33C-2544-44D1-9AD8-B42E766B1C04}.Debug|Any CPU.Build.0 = Debug|Any CPU
		{3CFFE33C-2544-44D1-9AD8-B42E766B1C04}.Release|Any CPU.ActiveCfg = Release|Any CPU
		{3CFFE33C-2544-44D1-9AD8-B42E766B1C04}.Release|Any CPU.Build.0 = Release|Any CPU
		{B9111CE6-87FF-4733-8E79-BFA2DD02E373}.Debug|Any CPU.ActiveCfg = Debug|Any CPU
		{B9111CE6-87FF-4733-8E79-BFA2DD02E373}.Debug|Any CPU.Build.0 = Debug|Any CPU
		{B9111CE6-87FF-4733-8E79-BFA2DD02E373}.Release|Any CPU.ActiveCfg = Release|Any CPU
		{B9111CE6-87FF-4733-8E79-BFA2DD02E373}.Release|Any CPU.Build.0 = Release|Any CPU
		{0C040704-C4FB-4C18-ABC2-3F3792C279C0}.Debug|Any CPU.ActiveCfg = Debug|Any CPU
		{0C040704-C4FB-4C18-ABC2-3F3792C279C0}.Debug|Any CPU.Build.0 = Debug|Any CPU
		{0C040704-C4FB-4C18-ABC2-3F3792C279C0}.Release|Any CPU.ActiveCfg = Release|Any CPU
		{0C040704-C4FB-4C18-ABC2-3F3792C279C0}.Release|Any CPU.Build.0 = Release|Any CPU
		{6505BB9E-E552-4025-A8D4-C6BF0A2E0729}.Debug|Any CPU.ActiveCfg = Debug|Any CPU
		{6505BB9E-E552-4025-A8D4-C6BF0A2E0729}.Debug|Any CPU.Build.0 = Debug|Any CPU
		{6505BB9E-E552-4025-A8D4-C6BF0A2E0729}.Release|Any CPU.ActiveCfg = Release|Any CPU
		{6505BB9E-E552-4025-A8D4-C6BF0A2E0729}.Release|Any CPU.Build.0 = Release|Any CPU
		{D3F4E77D-2ED3-457C-8AEA-8E13AF8B6056}.Debug|Any CPU.ActiveCfg = Debug|Any CPU
		{D3F4E77D-2ED3-457C-8AEA-8E13AF8B6056}.Debug|Any CPU.Build.0 = Debug|Any CPU
		{D3F4E77D-2ED3-457C-8AEA-8E13AF8B6056}.Release|Any CPU.ActiveCfg = Release|Any CPU
		{D3F4E77D-2ED3-457C-8AEA-8E13AF8B6056}.Release|Any CPU.Build.0 = Release|Any CPU
		{23BBD302-8236-4695-A841-1AA19A6BAA72}.Debug|Any CPU.ActiveCfg = Debug|Any CPU
		{23BBD302-8236-4695-A841-1AA19A6BAA72}.Debug|Any CPU.Build.0 = Debug|Any CPU
		{23BBD302-8236-4695-A841-1AA19A6BAA72}.Release|Any CPU.ActiveCfg = Release|Any CPU
		{23BBD302-8236-4695-A841-1AA19A6BAA72}.Release|Any CPU.Build.0 = Release|Any CPU
	EndGlobalSection
	GlobalSection(SolutionProperties) = preSolution
		HideSolutionNode = FALSE
	EndGlobalSection
	GlobalSection(NestedProjects) = preSolution
		{493299F8-5A79-4CE5-9779-14DD4716BBD5} = {70D76F9D-6E7B-4D51-B8E3-1B6107F7303B}
		{41A7E91F-04D7-4ED1-B625-A27502028AD1} = {70D76F9D-6E7B-4D51-B8E3-1B6107F7303B}
		{504FB4A0-191D-4BF8-97A2-F63A5718680D} = {70D76F9D-6E7B-4D51-B8E3-1B6107F7303B}
		{3FCA8F07-029D-40BC-8389-BCB3B861D779} = {70D76F9D-6E7B-4D51-B8E3-1B6107F7303B}
		{F78E95F1-FBF5-4871-AC74-E6BF8E026E98} = {70D76F9D-6E7B-4D51-B8E3-1B6107F7303B}
		{800D24D2-EA97-4A78-BE92-11D9449F4FEF} = {70D76F9D-6E7B-4D51-B8E3-1B6107F7303B}
		{35C03863-1275-4260-962D-9F15689B7BA4} = {70D76F9D-6E7B-4D51-B8E3-1B6107F7303B}
		{CA841847-3ABB-4072-9CA7-B1AFD72048C2} = {70D76F9D-6E7B-4D51-B8E3-1B6107F7303B}
		{850930AB-77E2-47B6-B4E7-6020A7168F3F} = {70D76F9D-6E7B-4D51-B8E3-1B6107F7303B}
		{B1FCFBE6-920D-40E2-B38D-825D9CE5C15D} = {FB45CDD6-FE86-4D2E-8C1F-04AB070EF449}
		{78D157D8-1F73-4AAA-A9C1-53E69A0FAD4C} = {FB45CDD6-FE86-4D2E-8C1F-04AB070EF449}
		{3CFFE33C-2544-44D1-9AD8-B42E766B1C04} = {FB45CDD6-FE86-4D2E-8C1F-04AB070EF449}
		{B9111CE6-87FF-4733-8E79-BFA2DD02E373} = {FB45CDD6-FE86-4D2E-8C1F-04AB070EF449}
		{0C040704-C4FB-4C18-ABC2-3F3792C279C0} = {FB45CDD6-FE86-4D2E-8C1F-04AB070EF449}
		{6505BB9E-E552-4025-A8D4-C6BF0A2E0729} = {FB45CDD6-FE86-4D2E-8C1F-04AB070EF449}
		{D3F4E77D-2ED3-457C-8AEA-8E13AF8B6056} = {FB45CDD6-FE86-4D2E-8C1F-04AB070EF449}
		{23BBD302-8236-4695-A841-1AA19A6BAA72} = {FB45CDD6-FE86-4D2E-8C1F-04AB070EF449}
	EndGlobalSection
	GlobalSection(ExtensibilityGlobals) = postSolution
		SolutionGuid = {C3D78E4C-E88F-4E41-9724-7C902E86554C}
	EndGlobalSection
EndGlobal
