
Microsoft Visual Studio Solution File, Format Version 12.00
# Visual Studio Version 17
VisualStudioVersion = 17.8.34004.107
MinimumVisualStudioVersion = 10.0.40219.1
Project("{9A19103F-16F7-4668-BE54-9A1E7A4F7556}") = "01-Uvod-01-Hello-World", "01-Uvod-01-Hello-World\01-Uvod-01-Hello-World.csproj", "{493299F8-5A79-4CE5-9779-14DD4716BBD5}"
EndProject
Project("{9A19103F-16F7-4668-BE54-9A1E7A4F7556}") = "01-Uvod-02-Konzole", "01-Uvod-02-Konzole\01-Uvod-02-Konzole.csproj", "{41A7E91F-04D7-4ED1-B625-A27502028AD1}"
EndProject
Project("{9A19103F-16F7-4668-BE54-9A1E7A4F7556}") = "01-Uvod-03-Skladani-retezcu", "01-Uvod-03-Skladani-retezcu\01-Uvod-03-Skladani-retezcu.csproj", "{504FB4A0-191D-4BF8-97A2-F63A5718680D}"
EndProject
Project("{9A19103F-16F7-4668-BE54-9A1E7A4F7556}") = "01-Uvod-04-Cisla", "01-Uvod-04-Cisla\01-Uvod-04-Cisla.csproj", "{3FCA8F07-029D-40BC-8389-BCB3B861D779}"
EndProject
Project("{9A19103F-16F7-4668-BE54-9A1E7A4F7556}") = "01-Uvod-05-Nacitani-cisla", "01-Uvod-05-Nacitani-cisla\01-Uvod-05-Nacitani-cisla.csproj", "{F78E95F1-FBF5-4871-AC74-E6BF8E026E98}"
EndProject
Project("{9A19103F-16F7-4668-BE54-9A1E7A4F7556}") = "01-Uvod-06-Znak", "01-Uvod-06-Znak\01-Uvod-06-Znak.csproj", "{800D24D2-EA97-4A78-BE92-11D9449F4FEF}"
EndProject
Project("{9A19103F-16F7-4668-BE54-9A1E7A4F7556}") = "01-Uvod-07-Prumer", "01-Uvod-07-Prumer\01-Uvod-07-Prumer.csproj", "{35C03863-1275-4260-962D-9F15689B7BA4}"
EndProject
Project("{9A19103F-16F7-4668-BE54-9A1E7A4F7556}") = "01-Uvod-08-Prohozeni", "01-Uvod-08-Prohozeni\01-Uvod-08-Prohozeni.csproj", "{CA841847-3ABB-4072-9CA7-B1AFD72048C2}"
EndProject
Project("{9A19103F-16F7-4668-BE54-9A1E7A4F7556}") = "01-Uvod-09-Kolik-bude-za-rok", "01-Uvod-09-Kolik-bude-za-rok\01-Uvod-09-Kolik-bude-za-rok.csproj", "{850930AB-77E2-47B6-B4E7-6020A7168F3F}"
EndProject
Project("{9A19103F-16F7-4668-BE54-9A1E7A4F7556}") = "02-Podminky-01-Demo", "02-Podminky-01-Demo\02-Podminky-01-Demo.csproj", "{B1FCFBE6-920D-40E2-B38D-825D9CE5C15D}"
EndProject
Project("{9A19103F-16F7-4668-BE54-9A1E7A4F7556}") = "02-Podminky-02-Bool", "02-Podminky-02-Bool\02-Podminky-02-Bool.csproj", "{78D157D8-1F73-4AAA-A9C1-53E69A0FAD4C}"
EndProject
Project("{2150E333-8FDC-42A3-9474-1A3956D46DE8}") = "01-Uvod", "01-Uvod", "{70D76F9D-6E7B-4D51-B8E3-1B6107F7303B}"
EndProject
Project("{2150E333-8FDC-42A3-9474-1A3956D46DE8}") = "02-Podminky", "02-Podminky", "{FB45CDD6-FE86-4D2E-8C1F-04AB070EF449}"
EndProject
Project("{9A19103F-16F7-4668-BE54-9A1E7A4F7556}") = "02-Podminky-03-Rovnost", "02-Podminky-03-Rovnost\02-Podminky-03-Rovnost.csproj", "{3CFFE33C-2544-44D1-9AD8-B42E766B1C04}"
EndProject
Project("{9A19103F-16F7-4668-BE54-9A1E7A4F7556}") = "02-Podminky-04-Suda-a-licha", "02-Podminky-04-Suda-a-licha\02-Podminky-04-Suda-a-licha.csproj", "{B9111CE6-87FF-4733-8E79-BFA2DD02E373}"
EndProject
Project("{9A19103F-16F7-4668-BE54-9A1E7A4F7556}") = "02-Podminky-05-Jak-se-neopakovat", "02-Podminky-05-Jak-se-neopakovat\02-Podminky-05-Jak-se-neopakovat.csproj", "{0C040704-C4FB-4C18-ABC2-3F3792C279C0}"
EndProject
Project("{9A19103F-16F7-4668-BE54-9A1E7A4F7556}") = "02-Podminky-09-Switch", "02-Podminky-09-Switch\02-Podminky-09-Switch.csproj", "{48D0828B-56B9-4F56-8890-0944128AC830}"
EndProject
Project("{9A19103F-16F7-4668-BE54-9A1E7A4F7556}") = "02-Podminky-10-Znaky", "02-Podminky-10-Znaky\02-Podminky-10-Znaky.csproj", "{3BC4FB3D-8FDD-491C-9B5E-4A6B8C04A2BE}"
EndProject
Project("{9A19103F-16F7-4668-BE54-9A1E7A4F7556}") = "02-Podminky-06-Ternarni", "02-Podminky-06-Ternarni\02-Podminky-06-Ternarni.csproj", "{8967B66C-8E1D-4796-ADF9-A5A5E6AA0B99}"
EndProject
Project("{9A19103F-16F7-4668-BE54-9A1E7A4F7556}") = "02-Podminky-07-Nacteni-klavesy", "02-Podminky-07-Nacteni-klavesy\02-Podminky-07-Nacteni-klavesy.csproj", "{86B1FC21-78B0-45A8-A478-34FE1BFEB99F}"
EndProject
Project("{9A19103F-16F7-4668-BE54-9A1E7A4F7556}") = "02-Podminky-08-Logicke-operatory", "02-Podminky-08-Logicke-operatory\02-Podminky-08-Logicke-operatory.csproj", "{4036A4B9-D110-47B5-9B0B-1A83E89F1932}"
EndProject
Project("{2150E333-8FDC-42A3-9474-1A3956D46DE8}") = "02a-Random", "02a-Random", "{EEF4AE0F-2A59-4761-8FE9-B4314129C9F0}"
EndProject
Project("{9A19103F-16F7-4668-BE54-9A1E7A4F7556}") = "02a-Random-01-Demo", "02a-Random-01-Demo\02a-Random-01-Demo.csproj", "{54D75202-4F6F-4E9D-AC8A-D070F161D6EF}"
EndProject
Project("{9A19103F-16F7-4668-BE54-9A1E7A4F7556}") = "02a-Random-02-Mince", "02a-Random-02-Mince\02a-Random-02-Mince.csproj", "{EFF5E7D9-E670-41A1-A627-4AD325AF527E}"
EndProject
Project("{9A19103F-16F7-4668-BE54-9A1E7A4F7556}") = "02a-Random-03-KNP", "02a-Random-03-KNP\02a-Random-03-KNP.csproj", "{3CE5F050-562E-4EDA-A9B7-A230220332BA}"
EndProject
Project("{9A19103F-16F7-4668-BE54-9A1E7A4F7556}") = "03-While-01-Nacti-kladne", "03-While-Nacti-kladne\03-While-01-Nacti-kladne.csproj", "{64C47804-7BE0-433F-B016-BBB382B462A1}"
EndProject
Project("{9A19103F-16F7-4668-BE54-9A1E7A4F7556}") = "03-While-02-Pocitani", "03-While-02-Pocitani\03-While-02-Pocitani.csproj", "{68BA3D8C-D968-41FA-B266-34068990D334}"
EndProject
Project("{9A19103F-16F7-4668-BE54-9A1E7A4F7556}") = "03-While-03-Den-v-tydnu-bezpecne", "03-While-03-Den-v-tydnu-bezpecne\03-While-03-Den-v-tydnu-bezpecne.csproj", "{39F309E6-17B9-497C-9570-6BA58868CF93}"
EndProject
Project("{9A19103F-16F7-4668-BE54-9A1E7A4F7556}") = "03-While-04-Nactani-do-vstupu-0", "03-While-04-Nactani-do-vstupu-0\03-While-04-Nactani-do-vstupu-0.csproj", "{6C6A4FA5-1D34-4A22-8EDB-3A0ACE158D54}"
EndProject
Project("{9A19103F-16F7-4668-BE54-9A1E7A4F7556}") = "03-While-05-Nacteni-slova-do-mezery", "03-While-05-Nacteni-slova-do-mezery\03-While-05-Nacteni-slova-do-mezery.csproj", "{FA261907-EA90-41DA-8BE3-05F09958BE6D}"
EndProject
Project("{2150E333-8FDC-42A3-9474-1A3956D46DE8}") = "03-While", "03-While", "{1E1199B2-7868-4EDB-9FC7-4A5E5D0D50F6}"
EndProject
Project("{9A19103F-16F7-4668-BE54-9A1E7A4F7556}") = "03-While-06-Jak-dlouho-nepadne-sestka", "03-While-06-Jak-dlouho-nepadne-sestka\03-While-06-Jak-dlouho-nepadne-sestka.csproj", "{97A80E77-0CAD-4157-8D7A-9A147A6AFD64}"
EndProject
Project("{9A19103F-16F7-4668-BE54-9A1E7A4F7556}") = "03-While-07-Odpocet", "03-While-07-Odpocet\03-While-07-Odpocet.csproj", "{26493DDE-3320-4EFA-A006-BA167AA005BD}"
EndProject
Project("{9A19103F-16F7-4668-BE54-9A1E7A4F7556}") = "03-While-08-TryParse", "03-While-08-TryParse\03-While-08-TryParse.csproj", "{47ABFF3F-B735-4B87-9BCE-D5F99DD05821}"
EndProject
Project("{9A19103F-16F7-4668-BE54-9A1E7A4F7556}") = "03-While-09-Nejmensi-z-deseti", "03-While-09-Nejmensi-z-deseti\03-While-09-Nejmensi-z-deseti.csproj", "{1D4F8717-4485-4DB5-AC4F-FE119CBE738D}"
EndProject
Project("{9A19103F-16F7-4668-BE54-9A1E7A4F7556}") = "03-While-10-SOucet-v-intervalu", "03-While-10-SOucet-v-intervalu\03-While-10-SOucet-v-intervalu.csproj", "{C68CF62C-AB83-414E-B8E1-8A8300B91346}"
EndProject
Project("{9A19103F-16F7-4668-BE54-9A1E7A4F7556}") = "03-While-11-Prumerny-hod-kostkou", "03-While-11-Prumerny-hod-kostkou\03-While-11-Prumerny-hod-kostkou.csproj", "{54180FF8-4EB9-4D07-A944-4C3894A79334}"
EndProject
Project("{9A19103F-16F7-4668-BE54-9A1E7A4F7556}") = "03-While-12-Do-while", "03-While-12-Do-while\03-While-12-Do-while.csproj", "{2BE0AFC9-9070-4CE4-8847-012A2A9C4F68}"
EndProject
Project("{9A19103F-16F7-4668-BE54-9A1E7A4F7556}") = "03-While-13-while-true-a-break", "03-While-13-while-true-a-break\03-While-13-while-true-a-break.csproj", "{DEAB4E79-F6A9-4DFF-9225-5A322389E0C2}"
EndProject
Project("{9A19103F-16F7-4668-BE54-9A1E7A4F7556}") = "03-While-14-Podle-parity", "03-While-14-Podle-parity\03-While-14-Podle-parity.csproj", "{C29690EC-A15C-4AC4-869D-143767EC9E90}"
EndProject
Project("{9A19103F-16F7-4668-BE54-9A1E7A4F7556}") = "03-While-15-Serie-sestek", "03-While-15-Serie-sestek\03-While-15-Serie-sestek.csproj", "{FE88DD09-3118-40F0-AB15-3B170D83D3AB}"
EndProject
Project("{9A19103F-16F7-4668-BE54-9A1E7A4F7556}") = "04-For-01-Demo", "04-For-01-Demo\04-For-01-Demo.csproj", "{771410BF-8D0F-49A5-A0F8-A6D65DAF741F}"
EndProject
Project("{2150E333-8FDC-42A3-9474-1A3956D46DE8}") = "04-For", "04-For", "{D2C19EC1-5E8E-4D16-9E12-43837806BF2A}"
EndProject
Project("{9A19103F-16F7-4668-BE54-9A1E7A4F7556}") = "04-For-02-retezec", "04-For-02-retezec\04-For-02-retezec.csproj", "{26F75E2C-AC2F-4728-869F-2216C950CA0E}"
EndProject
Project("{9A19103F-16F7-4668-BE54-9A1E7A4F7556}") = "04-For-03-Brute-force", "04-For-03-Brute-force\04-For-03-Brute-force.csproj", "{E1228A6A-544B-48CA-8E38-354B0972A1C8}"
EndProject
Project("{9A19103F-16F7-4668-BE54-9A1E7A4F7556}") = "04-For-04-namaluj-ctverec", "04-For-04-namaluj-ctverec\04-For-04-namaluj-ctverec.csproj", "{4C71B5CE-B467-4C27-AB6B-ABD3F57AC9E8}"
EndProject
Project("{9A19103F-16F7-4668-BE54-9A1E7A4F7556}") = "04-For-05-Trojuhelnik-b", "04-For-05-Trojuhelnik-b\04-For-05-Trojuhelnik-b.csproj", "{54AF12C0-849D-497B-9353-A04A0BABED41}"
EndProject
Project("{9A19103F-16F7-4668-BE54-9A1E7A4F7556}") = "04-For-06-caesar", "04-For-06-caesar\04-For-06-caesar.csproj", "{12751E8B-6D1A-4D15-84F2-96CC8BE6BE16}"
EndProject
Project("{9A19103F-16F7-4668-BE54-9A1E7A4F7556}") = "04-For-07-algebrogram", "04-For-07-algebrogram\04-For-07-algebrogram.csproj", "{DADE7EBC-3847-45FD-99EF-2B9F479C66F9}"
EndProject
Project("{9A19103F-16F7-4668-BE54-9A1E7A4F7556}") = "04-FOr-08-Sachovnice", "04-FOr-08-Sachovnice\04-FOr-08-Sachovnice.csproj", "{13F8886C-7B4F-4935-9744-BD133B06031A}"
EndProject
Project("{FAE04EC0-301F-11D3-BF4B-00C04F79EFBC}") = "04-For-09-Je-palindrom", "04-For-09-Je-palindrom\04-For-09-Je-palindrom.csproj", "{6D6563FB-31DC-4E22-8B5F-9077799BC63E}"
EndProject
Project("{FAE04EC0-301F-11D3-BF4B-00C04F79EFBC}") = "04-For-10-Demaskuj", "04-For-10-Demaskuj\04-For-10-Demaskuj.csproj", "{14141815-9C8F-49EB-B514-5EBDB68A2F02}"
EndProject
Project("{FAE04EC0-301F-11D3-BF4B-00C04F79EFBC}") = "04-For-11-Zamaskuj", "04-For-11-Zamaskuj\04-For-11-Zamaskuj.csproj", "{F5501757-930D-43FE-9D29-6F3B3BF6CBEA}"
EndProject
Project("{FAE04EC0-301F-11D3-BF4B-00C04F79EFBC}") = "04-For-12-Konverze-cisel", "04-For-12-Konverze-cisel\04-For-12-Konverze-cisel.csproj", "{1A8C026F-134F-42DB-B6B6-6B99CD89B990}"
EndProject
Global
	GlobalSection(SolutionConfigurationPlatforms) = preSolution
		Debug|Any CPU = Debug|Any CPU
		Release|Any CPU = Release|Any CPU
	EndGlobalSection
	GlobalSection(ProjectConfigurationPlatforms) = postSolution
		{493299F8-5A79-4CE5-9779-14DD4716BBD5}.Debug|Any CPU.ActiveCfg = Debug|Any CPU
		{493299F8-5A79-4CE5-9779-14DD4716BBD5}.Debug|Any CPU.Build.0 = Debug|Any CPU
		{493299F8-5A79-4CE5-9779-14DD4716BBD5}.Release|Any CPU.ActiveCfg = Release|Any CPU
		{493299F8-5A79-4CE5-9779-14DD4716BBD5}.Release|Any CPU.Build.0 = Release|Any CPU
		{41A7E91F-04D7-4ED1-B625-A27502028AD1}.Debug|Any CPU.ActiveCfg = Debug|Any CPU
		{41A7E91F-04D7-4ED1-B625-A27502028AD1}.Debug|Any CPU.Build.0 = Debug|Any CPU
		{41A7E91F-04D7-4ED1-B625-A27502028AD1}.Release|Any CPU.ActiveCfg = Release|Any CPU
		{41A7E91F-04D7-4ED1-B625-A27502028AD1}.Release|Any CPU.Build.0 = Release|Any CPU
		{504FB4A0-191D-4BF8-97A2-F63A5718680D}.Debug|Any CPU.ActiveCfg = Debug|Any CPU
		{504FB4A0-191D-4BF8-97A2-F63A5718680D}.Debug|Any CPU.Build.0 = Debug|Any CPU
		{504FB4A0-191D-4BF8-97A2-F63A5718680D}.Release|Any CPU.ActiveCfg = Release|Any CPU
		{504FB4A0-191D-4BF8-97A2-F63A5718680D}.Release|Any CPU.Build.0 = Release|Any CPU
		{3FCA8F07-029D-40BC-8389-BCB3B861D779}.Debug|Any CPU.ActiveCfg = Debug|Any CPU
		{3FCA8F07-029D-40BC-8389-BCB3B861D779}.Debug|Any CPU.Build.0 = Debug|Any CPU
		{3FCA8F07-029D-40BC-8389-BCB3B861D779}.Release|Any CPU.ActiveCfg = Release|Any CPU
		{3FCA8F07-029D-40BC-8389-BCB3B861D779}.Release|Any CPU.Build.0 = Release|Any CPU
		{F78E95F1-FBF5-4871-AC74-E6BF8E026E98}.Debug|Any CPU.ActiveCfg = Debug|Any CPU
		{F78E95F1-FBF5-4871-AC74-E6BF8E026E98}.Debug|Any CPU.Build.0 = Debug|Any CPU
		{F78E95F1-FBF5-4871-AC74-E6BF8E026E98}.Release|Any CPU.ActiveCfg = Release|Any CPU
		{F78E95F1-FBF5-4871-AC74-E6BF8E026E98}.Release|Any CPU.Build.0 = Release|Any CPU
		{800D24D2-EA97-4A78-BE92-11D9449F4FEF}.Debug|Any CPU.ActiveCfg = Debug|Any CPU
		{800D24D2-EA97-4A78-BE92-11D9449F4FEF}.Debug|Any CPU.Build.0 = Debug|Any CPU
		{800D24D2-EA97-4A78-BE92-11D9449F4FEF}.Release|Any CPU.ActiveCfg = Release|Any CPU
		{800D24D2-EA97-4A78-BE92-11D9449F4FEF}.Release|Any CPU.Build.0 = Release|Any CPU
		{35C03863-1275-4260-962D-9F15689B7BA4}.Debug|Any CPU.ActiveCfg = Debug|Any CPU
		{35C03863-1275-4260-962D-9F15689B7BA4}.Debug|Any CPU.Build.0 = Debug|Any CPU
		{35C03863-1275-4260-962D-9F15689B7BA4}.Release|Any CPU.ActiveCfg = Release|Any CPU
		{35C03863-1275-4260-962D-9F15689B7BA4}.Release|Any CPU.Build.0 = Release|Any CPU
		{CA841847-3ABB-4072-9CA7-B1AFD72048C2}.Debug|Any CPU.ActiveCfg = Debug|Any CPU
		{CA841847-3ABB-4072-9CA7-B1AFD72048C2}.Debug|Any CPU.Build.0 = Debug|Any CPU
		{CA841847-3ABB-4072-9CA7-B1AFD72048C2}.Release|Any CPU.ActiveCfg = Release|Any CPU
		{CA841847-3ABB-4072-9CA7-B1AFD72048C2}.Release|Any CPU.Build.0 = Release|Any CPU
		{850930AB-77E2-47B6-B4E7-6020A7168F3F}.Debug|Any CPU.ActiveCfg = Debug|Any CPU
		{850930AB-77E2-47B6-B4E7-6020A7168F3F}.Debug|Any CPU.Build.0 = Debug|Any CPU
		{850930AB-77E2-47B6-B4E7-6020A7168F3F}.Release|Any CPU.ActiveCfg = Release|Any CPU
		{850930AB-77E2-47B6-B4E7-6020A7168F3F}.Release|Any CPU.Build.0 = Release|Any CPU
		{B1FCFBE6-920D-40E2-B38D-825D9CE5C15D}.Debug|Any CPU.ActiveCfg = Debug|Any CPU
		{B1FCFBE6-920D-40E2-B38D-825D9CE5C15D}.Debug|Any CPU.Build.0 = Debug|Any CPU
		{B1FCFBE6-920D-40E2-B38D-825D9CE5C15D}.Release|Any CPU.ActiveCfg = Release|Any CPU
		{B1FCFBE6-920D-40E2-B38D-825D9CE5C15D}.Release|Any CPU.Build.0 = Release|Any CPU
		{78D157D8-1F73-4AAA-A9C1-53E69A0FAD4C}.Debug|Any CPU.ActiveCfg = Debug|Any CPU
		{78D157D8-1F73-4AAA-A9C1-53E69A0FAD4C}.Debug|Any CPU.Build.0 = Debug|Any CPU
		{78D157D8-1F73-4AAA-A9C1-53E69A0FAD4C}.Release|Any CPU.ActiveCfg = Release|Any CPU
		{78D157D8-1F73-4AAA-A9C1-53E69A0FAD4C}.Release|Any CPU.Build.0 = Release|Any CPU
		{3CFFE33C-2544-44D1-9AD8-B42E766B1C04}.Debug|Any CPU.ActiveCfg = Debug|Any CPU
		{3CFFE33C-2544-44D1-9AD8-B42E766B1C04}.Debug|Any CPU.Build.0 = Debug|Any CPU
		{3CFFE33C-2544-44D1-9AD8-B42E766B1C04}.Release|Any CPU.ActiveCfg = Release|Any CPU
		{3CFFE33C-2544-44D1-9AD8-B42E766B1C04}.Release|Any CPU.Build.0 = Release|Any CPU
		{B9111CE6-87FF-4733-8E79-BFA2DD02E373}.Debug|Any CPU.ActiveCfg = Debug|Any CPU
		{B9111CE6-87FF-4733-8E79-BFA2DD02E373}.Debug|Any CPU.Build.0 = Debug|Any CPU
		{B9111CE6-87FF-4733-8E79-BFA2DD02E373}.Release|Any CPU.ActiveCfg = Release|Any CPU
		{B9111CE6-87FF-4733-8E79-BFA2DD02E373}.Release|Any CPU.Build.0 = Release|Any CPU
		{0C040704-C4FB-4C18-ABC2-3F3792C279C0}.Debug|Any CPU.ActiveCfg = Debug|Any CPU
		{0C040704-C4FB-4C18-ABC2-3F3792C279C0}.Debug|Any CPU.Build.0 = Debug|Any CPU
		{0C040704-C4FB-4C18-ABC2-3F3792C279C0}.Release|Any CPU.ActiveCfg = Release|Any CPU
		{0C040704-C4FB-4C18-ABC2-3F3792C279C0}.Release|Any CPU.Build.0 = Release|Any CPU
		{48D0828B-56B9-4F56-8890-0944128AC830}.Debug|Any CPU.ActiveCfg = Debug|Any CPU
		{48D0828B-56B9-4F56-8890-0944128AC830}.Debug|Any CPU.Build.0 = Debug|Any CPU
		{48D0828B-56B9-4F56-8890-0944128AC830}.Release|Any CPU.ActiveCfg = Release|Any CPU
		{48D0828B-56B9-4F56-8890-0944128AC830}.Release|Any CPU.Build.0 = Release|Any CPU
		{3BC4FB3D-8FDD-491C-9B5E-4A6B8C04A2BE}.Debug|Any CPU.ActiveCfg = Debug|Any CPU
		{3BC4FB3D-8FDD-491C-9B5E-4A6B8C04A2BE}.Debug|Any CPU.Build.0 = Debug|Any CPU
		{3BC4FB3D-8FDD-491C-9B5E-4A6B8C04A2BE}.Release|Any CPU.ActiveCfg = Release|Any CPU
		{3BC4FB3D-8FDD-491C-9B5E-4A6B8C04A2BE}.Release|Any CPU.Build.0 = Release|Any CPU
		{8967B66C-8E1D-4796-ADF9-A5A5E6AA0B99}.Debug|Any CPU.ActiveCfg = Debug|Any CPU
		{8967B66C-8E1D-4796-ADF9-A5A5E6AA0B99}.Debug|Any CPU.Build.0 = Debug|Any CPU
		{8967B66C-8E1D-4796-ADF9-A5A5E6AA0B99}.Release|Any CPU.ActiveCfg = Release|Any CPU
		{8967B66C-8E1D-4796-ADF9-A5A5E6AA0B99}.Release|Any CPU.Build.0 = Release|Any CPU
		{86B1FC21-78B0-45A8-A478-34FE1BFEB99F}.Debug|Any CPU.ActiveCfg = Debug|Any CPU
		{86B1FC21-78B0-45A8-A478-34FE1BFEB99F}.Debug|Any CPU.Build.0 = Debug|Any CPU
		{86B1FC21-78B0-45A8-A478-34FE1BFEB99F}.Release|Any CPU.ActiveCfg = Release|Any CPU
		{86B1FC21-78B0-45A8-A478-34FE1BFEB99F}.Release|Any CPU.Build.0 = Release|Any CPU
		{4036A4B9-D110-47B5-9B0B-1A83E89F1932}.Debug|Any CPU.ActiveCfg = Debug|Any CPU
		{4036A4B9-D110-47B5-9B0B-1A83E89F1932}.Debug|Any CPU.Build.0 = Debug|Any CPU
		{4036A4B9-D110-47B5-9B0B-1A83E89F1932}.Release|Any CPU.ActiveCfg = Release|Any CPU
		{4036A4B9-D110-47B5-9B0B-1A83E89F1932}.Release|Any CPU.Build.0 = Release|Any CPU
		{54D75202-4F6F-4E9D-AC8A-D070F161D6EF}.Debug|Any CPU.ActiveCfg = Debug|Any CPU
		{54D75202-4F6F-4E9D-AC8A-D070F161D6EF}.Debug|Any CPU.Build.0 = Debug|Any CPU
		{54D75202-4F6F-4E9D-AC8A-D070F161D6EF}.Release|Any CPU.ActiveCfg = Release|Any CPU
		{54D75202-4F6F-4E9D-AC8A-D070F161D6EF}.Release|Any CPU.Build.0 = Release|Any CPU
		{EFF5E7D9-E670-41A1-A627-4AD325AF527E}.Debug|Any CPU.ActiveCfg = Debug|Any CPU
		{EFF5E7D9-E670-41A1-A627-4AD325AF527E}.Debug|Any CPU.Build.0 = Debug|Any CPU
		{EFF5E7D9-E670-41A1-A627-4AD325AF527E}.Release|Any CPU.ActiveCfg = Release|Any CPU
		{EFF5E7D9-E670-41A1-A627-4AD325AF527E}.Release|Any CPU.Build.0 = Release|Any CPU
		{3CE5F050-562E-4EDA-A9B7-A230220332BA}.Debug|Any CPU.ActiveCfg = Debug|Any CPU
		{3CE5F050-562E-4EDA-A9B7-A230220332BA}.Debug|Any CPU.Build.0 = Debug|Any CPU
		{3CE5F050-562E-4EDA-A9B7-A230220332BA}.Release|Any CPU.ActiveCfg = Release|Any CPU
		{3CE5F050-562E-4EDA-A9B7-A230220332BA}.Release|Any CPU.Build.0 = Release|Any CPU
		{64C47804-7BE0-433F-B016-BBB382B462A1}.Debug|Any CPU.ActiveCfg = Debug|Any CPU
		{64C47804-7BE0-433F-B016-BBB382B462A1}.Debug|Any CPU.Build.0 = Debug|Any CPU
		{64C47804-7BE0-433F-B016-BBB382B462A1}.Release|Any CPU.ActiveCfg = Release|Any CPU
		{64C47804-7BE0-433F-B016-BBB382B462A1}.Release|Any CPU.Build.0 = Release|Any CPU
		{68BA3D8C-D968-41FA-B266-34068990D334}.Debug|Any CPU.ActiveCfg = Debug|Any CPU
		{68BA3D8C-D968-41FA-B266-34068990D334}.Debug|Any CPU.Build.0 = Debug|Any CPU
		{68BA3D8C-D968-41FA-B266-34068990D334}.Release|Any CPU.ActiveCfg = Release|Any CPU
		{68BA3D8C-D968-41FA-B266-34068990D334}.Release|Any CPU.Build.0 = Release|Any CPU
		{39F309E6-17B9-497C-9570-6BA58868CF93}.Debug|Any CPU.ActiveCfg = Debug|Any CPU
		{39F309E6-17B9-497C-9570-6BA58868CF93}.Debug|Any CPU.Build.0 = Debug|Any CPU
		{39F309E6-17B9-497C-9570-6BA58868CF93}.Release|Any CPU.ActiveCfg = Release|Any CPU
		{39F309E6-17B9-497C-9570-6BA58868CF93}.Release|Any CPU.Build.0 = Release|Any CPU
		{6C6A4FA5-1D34-4A22-8EDB-3A0ACE158D54}.Debug|Any CPU.ActiveCfg = Debug|Any CPU
		{6C6A4FA5-1D34-4A22-8EDB-3A0ACE158D54}.Debug|Any CPU.Build.0 = Debug|Any CPU
		{6C6A4FA5-1D34-4A22-8EDB-3A0ACE158D54}.Release|Any CPU.ActiveCfg = Release|Any CPU
		{6C6A4FA5-1D34-4A22-8EDB-3A0ACE158D54}.Release|Any CPU.Build.0 = Release|Any CPU
		{FA261907-EA90-41DA-8BE3-05F09958BE6D}.Debug|Any CPU.ActiveCfg = Debug|Any CPU
		{FA261907-EA90-41DA-8BE3-05F09958BE6D}.Debug|Any CPU.Build.0 = Debug|Any CPU
		{FA261907-EA90-41DA-8BE3-05F09958BE6D}.Release|Any CPU.ActiveCfg = Release|Any CPU
		{FA261907-EA90-41DA-8BE3-05F09958BE6D}.Release|Any CPU.Build.0 = Release|Any CPU
		{97A80E77-0CAD-4157-8D7A-9A147A6AFD64}.Debug|Any CPU.ActiveCfg = Debug|Any CPU
		{97A80E77-0CAD-4157-8D7A-9A147A6AFD64}.Debug|Any CPU.Build.0 = Debug|Any CPU
		{97A80E77-0CAD-4157-8D7A-9A147A6AFD64}.Release|Any CPU.ActiveCfg = Release|Any CPU
		{97A80E77-0CAD-4157-8D7A-9A147A6AFD64}.Release|Any CPU.Build.0 = Release|Any CPU
		{26493DDE-3320-4EFA-A006-BA167AA005BD}.Debug|Any CPU.ActiveCfg = Debug|Any CPU
		{26493DDE-3320-4EFA-A006-BA167AA005BD}.Debug|Any CPU.Build.0 = Debug|Any CPU
		{26493DDE-3320-4EFA-A006-BA167AA005BD}.Release|Any CPU.ActiveCfg = Release|Any CPU
		{26493DDE-3320-4EFA-A006-BA167AA005BD}.Release|Any CPU.Build.0 = Release|Any CPU
		{47ABFF3F-B735-4B87-9BCE-D5F99DD05821}.Debug|Any CPU.ActiveCfg = Debug|Any CPU
		{47ABFF3F-B735-4B87-9BCE-D5F99DD05821}.Debug|Any CPU.Build.0 = Debug|Any CPU
		{47ABFF3F-B735-4B87-9BCE-D5F99DD05821}.Release|Any CPU.ActiveCfg = Release|Any CPU
		{47ABFF3F-B735-4B87-9BCE-D5F99DD05821}.Release|Any CPU.Build.0 = Release|Any CPU
		{1D4F8717-4485-4DB5-AC4F-FE119CBE738D}.Debug|Any CPU.ActiveCfg = Debug|Any CPU
		{1D4F8717-4485-4DB5-AC4F-FE119CBE738D}.Debug|Any CPU.Build.0 = Debug|Any CPU
		{1D4F8717-4485-4DB5-AC4F-FE119CBE738D}.Release|Any CPU.ActiveCfg = Release|Any CPU
		{1D4F8717-4485-4DB5-AC4F-FE119CBE738D}.Release|Any CPU.Build.0 = Release|Any CPU
		{C68CF62C-AB83-414E-B8E1-8A8300B91346}.Debug|Any CPU.ActiveCfg = Debug|Any CPU
		{C68CF62C-AB83-414E-B8E1-8A8300B91346}.Debug|Any CPU.Build.0 = Debug|Any CPU
		{C68CF62C-AB83-414E-B8E1-8A8300B91346}.Release|Any CPU.ActiveCfg = Release|Any CPU
		{C68CF62C-AB83-414E-B8E1-8A8300B91346}.Release|Any CPU.Build.0 = Release|Any CPU
		{54180FF8-4EB9-4D07-A944-4C3894A79334}.Debug|Any CPU.ActiveCfg = Debug|Any CPU
		{54180FF8-4EB9-4D07-A944-4C3894A79334}.Debug|Any CPU.Build.0 = Debug|Any CPU
		{54180FF8-4EB9-4D07-A944-4C3894A79334}.Release|Any CPU.ActiveCfg = Release|Any CPU
		{54180FF8-4EB9-4D07-A944-4C3894A79334}.Release|Any CPU.Build.0 = Release|Any CPU
		{2BE0AFC9-9070-4CE4-8847-012A2A9C4F68}.Debug|Any CPU.ActiveCfg = Debug|Any CPU
		{2BE0AFC9-9070-4CE4-8847-012A2A9C4F68}.Debug|Any CPU.Build.0 = Debug|Any CPU
		{2BE0AFC9-9070-4CE4-8847-012A2A9C4F68}.Release|Any CPU.ActiveCfg = Release|Any CPU
		{2BE0AFC9-9070-4CE4-8847-012A2A9C4F68}.Release|Any CPU.Build.0 = Release|Any CPU
		{DEAB4E79-F6A9-4DFF-9225-5A322389E0C2}.Debug|Any CPU.ActiveCfg = Debug|Any CPU
		{DEAB4E79-F6A9-4DFF-9225-5A322389E0C2}.Debug|Any CPU.Build.0 = Debug|Any CPU
		{DEAB4E79-F6A9-4DFF-9225-5A322389E0C2}.Release|Any CPU.ActiveCfg = Release|Any CPU
		{DEAB4E79-F6A9-4DFF-9225-5A322389E0C2}.Release|Any CPU.Build.0 = Release|Any CPU
		{C29690EC-A15C-4AC4-869D-143767EC9E90}.Debug|Any CPU.ActiveCfg = Debug|Any CPU
		{C29690EC-A15C-4AC4-869D-143767EC9E90}.Debug|Any CPU.Build.0 = Debug|Any CPU
		{C29690EC-A15C-4AC4-869D-143767EC9E90}.Release|Any CPU.ActiveCfg = Release|Any CPU
		{C29690EC-A15C-4AC4-869D-143767EC9E90}.Release|Any CPU.Build.0 = Release|Any CPU
		{FE88DD09-3118-40F0-AB15-3B170D83D3AB}.Debug|Any CPU.ActiveCfg = Debug|Any CPU
		{FE88DD09-3118-40F0-AB15-3B170D83D3AB}.Debug|Any CPU.Build.0 = Debug|Any CPU
		{FE88DD09-3118-40F0-AB15-3B170D83D3AB}.Release|Any CPU.ActiveCfg = Release|Any CPU
		{FE88DD09-3118-40F0-AB15-3B170D83D3AB}.Release|Any CPU.Build.0 = Release|Any CPU
		{771410BF-8D0F-49A5-A0F8-A6D65DAF741F}.Debug|Any CPU.ActiveCfg = Debug|Any CPU
		{771410BF-8D0F-49A5-A0F8-A6D65DAF741F}.Debug|Any CPU.Build.0 = Debug|Any CPU
		{771410BF-8D0F-49A5-A0F8-A6D65DAF741F}.Release|Any CPU.ActiveCfg = Release|Any CPU
		{771410BF-8D0F-49A5-A0F8-A6D65DAF741F}.Release|Any CPU.Build.0 = Release|Any CPU
		{26F75E2C-AC2F-4728-869F-2216C950CA0E}.Debug|Any CPU.ActiveCfg = Debug|Any CPU
		{26F75E2C-AC2F-4728-869F-2216C950CA0E}.Debug|Any CPU.Build.0 = Debug|Any CPU
		{26F75E2C-AC2F-4728-869F-2216C950CA0E}.Release|Any CPU.ActiveCfg = Release|Any CPU
		{26F75E2C-AC2F-4728-869F-2216C950CA0E}.Release|Any CPU.Build.0 = Release|Any CPU
		{E1228A6A-544B-48CA-8E38-354B0972A1C8}.Debug|Any CPU.ActiveCfg = Debug|Any CPU
		{E1228A6A-544B-48CA-8E38-354B0972A1C8}.Debug|Any CPU.Build.0 = Debug|Any CPU
		{E1228A6A-544B-48CA-8E38-354B0972A1C8}.Release|Any CPU.ActiveCfg = Release|Any CPU
		{E1228A6A-544B-48CA-8E38-354B0972A1C8}.Release|Any CPU.Build.0 = Release|Any CPU
		{4C71B5CE-B467-4C27-AB6B-ABD3F57AC9E8}.Debug|Any CPU.ActiveCfg = Debug|Any CPU
		{4C71B5CE-B467-4C27-AB6B-ABD3F57AC9E8}.Debug|Any CPU.Build.0 = Debug|Any CPU
		{4C71B5CE-B467-4C27-AB6B-ABD3F57AC9E8}.Release|Any CPU.ActiveCfg = Release|Any CPU
		{4C71B5CE-B467-4C27-AB6B-ABD3F57AC9E8}.Release|Any CPU.Build.0 = Release|Any CPU
		{54AF12C0-849D-497B-9353-A04A0BABED41}.Debug|Any CPU.ActiveCfg = Debug|Any CPU
		{54AF12C0-849D-497B-9353-A04A0BABED41}.Debug|Any CPU.Build.0 = Debug|Any CPU
		{54AF12C0-849D-497B-9353-A04A0BABED41}.Release|Any CPU.ActiveCfg = Release|Any CPU
		{54AF12C0-849D-497B-9353-A04A0BABED41}.Release|Any CPU.Build.0 = Release|Any CPU
		{12751E8B-6D1A-4D15-84F2-96CC8BE6BE16}.Debug|Any CPU.ActiveCfg = Debug|Any CPU
		{12751E8B-6D1A-4D15-84F2-96CC8BE6BE16}.Debug|Any CPU.Build.0 = Debug|Any CPU
		{12751E8B-6D1A-4D15-84F2-96CC8BE6BE16}.Release|Any CPU.ActiveCfg = Release|Any CPU
		{12751E8B-6D1A-4D15-84F2-96CC8BE6BE16}.Release|Any CPU.Build.0 = Release|Any CPU
		{DADE7EBC-3847-45FD-99EF-2B9F479C66F9}.Debug|Any CPU.ActiveCfg = Debug|Any CPU
		{DADE7EBC-3847-45FD-99EF-2B9F479C66F9}.Debug|Any CPU.Build.0 = Debug|Any CPU
		{DADE7EBC-3847-45FD-99EF-2B9F479C66F9}.Release|Any CPU.ActiveCfg = Release|Any CPU
		{DADE7EBC-3847-45FD-99EF-2B9F479C66F9}.Release|Any CPU.Build.0 = Release|Any CPU
		{13F8886C-7B4F-4935-9744-BD133B06031A}.Debug|Any CPU.ActiveCfg = Debug|Any CPU
		{13F8886C-7B4F-4935-9744-BD133B06031A}.Debug|Any CPU.Build.0 = Debug|Any CPU
		{13F8886C-7B4F-4935-9744-BD133B06031A}.Release|Any CPU.ActiveCfg = Release|Any CPU
		{13F8886C-7B4F-4935-9744-BD133B06031A}.Release|Any CPU.Build.0 = Release|Any CPU
		{6D6563FB-31DC-4E22-8B5F-9077799BC63E}.Debug|Any CPU.ActiveCfg = Debug|Any CPU
		{6D6563FB-31DC-4E22-8B5F-9077799BC63E}.Debug|Any CPU.Build.0 = Debug|Any CPU
		{6D6563FB-31DC-4E22-8B5F-9077799BC63E}.Release|Any CPU.ActiveCfg = Release|Any CPU
		{6D6563FB-31DC-4E22-8B5F-9077799BC63E}.Release|Any CPU.Build.0 = Release|Any CPU
		{14141815-9C8F-49EB-B514-5EBDB68A2F02}.Debug|Any CPU.ActiveCfg = Debug|Any CPU
		{14141815-9C8F-49EB-B514-5EBDB68A2F02}.Debug|Any CPU.Build.0 = Debug|Any CPU
		{14141815-9C8F-49EB-B514-5EBDB68A2F02}.Release|Any CPU.ActiveCfg = Release|Any CPU
		{14141815-9C8F-49EB-B514-5EBDB68A2F02}.Release|Any CPU.Build.0 = Release|Any CPU
		{F5501757-930D-43FE-9D29-6F3B3BF6CBEA}.Debug|Any CPU.ActiveCfg = Debug|Any CPU
		{F5501757-930D-43FE-9D29-6F3B3BF6CBEA}.Debug|Any CPU.Build.0 = Debug|Any CPU
		{F5501757-930D-43FE-9D29-6F3B3BF6CBEA}.Release|Any CPU.ActiveCfg = Release|Any CPU
		{F5501757-930D-43FE-9D29-6F3B3BF6CBEA}.Release|Any CPU.Build.0 = Release|Any CPU
		{1A8C026F-134F-42DB-B6B6-6B99CD89B990}.Debug|Any CPU.ActiveCfg = Debug|Any CPU
		{1A8C026F-134F-42DB-B6B6-6B99CD89B990}.Debug|Any CPU.Build.0 = Debug|Any CPU
		{1A8C026F-134F-42DB-B6B6-6B99CD89B990}.Release|Any CPU.ActiveCfg = Release|Any CPU
		{1A8C026F-134F-42DB-B6B6-6B99CD89B990}.Release|Any CPU.Build.0 = Release|Any CPU
	EndGlobalSection
	GlobalSection(SolutionProperties) = preSolution
		HideSolutionNode = FALSE
	EndGlobalSection
	GlobalSection(NestedProjects) = preSolution
		{493299F8-5A79-4CE5-9779-14DD4716BBD5} = {70D76F9D-6E7B-4D51-B8E3-1B6107F7303B}
		{41A7E91F-04D7-4ED1-B625-A27502028AD1} = {70D76F9D-6E7B-4D51-B8E3-1B6107F7303B}
		{504FB4A0-191D-4BF8-97A2-F63A5718680D} = {70D76F9D-6E7B-4D51-B8E3-1B6107F7303B}
		{3FCA8F07-029D-40BC-8389-BCB3B861D779} = {70D76F9D-6E7B-4D51-B8E3-1B6107F7303B}
		{F78E95F1-FBF5-4871-AC74-E6BF8E026E98} = {70D76F9D-6E7B-4D51-B8E3-1B6107F7303B}
		{800D24D2-EA97-4A78-BE92-11D9449F4FEF} = {70D76F9D-6E7B-4D51-B8E3-1B6107F7303B}
		{35C03863-1275-4260-962D-9F15689B7BA4} = {70D76F9D-6E7B-4D51-B8E3-1B6107F7303B}
		{CA841847-3ABB-4072-9CA7-B1AFD72048C2} = {70D76F9D-6E7B-4D51-B8E3-1B6107F7303B}
		{850930AB-77E2-47B6-B4E7-6020A7168F3F} = {70D76F9D-6E7B-4D51-B8E3-1B6107F7303B}
		{B1FCFBE6-920D-40E2-B38D-825D9CE5C15D} = {FB45CDD6-FE86-4D2E-8C1F-04AB070EF449}
		{78D157D8-1F73-4AAA-A9C1-53E69A0FAD4C} = {FB45CDD6-FE86-4D2E-8C1F-04AB070EF449}
		{3CFFE33C-2544-44D1-9AD8-B42E766B1C04} = {FB45CDD6-FE86-4D2E-8C1F-04AB070EF449}
		{B9111CE6-87FF-4733-8E79-BFA2DD02E373} = {FB45CDD6-FE86-4D2E-8C1F-04AB070EF449}
		{0C040704-C4FB-4C18-ABC2-3F3792C279C0} = {FB45CDD6-FE86-4D2E-8C1F-04AB070EF449}
		{48D0828B-56B9-4F56-8890-0944128AC830} = {FB45CDD6-FE86-4D2E-8C1F-04AB070EF449}
		{3BC4FB3D-8FDD-491C-9B5E-4A6B8C04A2BE} = {FB45CDD6-FE86-4D2E-8C1F-04AB070EF449}
		{8967B66C-8E1D-4796-ADF9-A5A5E6AA0B99} = {FB45CDD6-FE86-4D2E-8C1F-04AB070EF449}
		{86B1FC21-78B0-45A8-A478-34FE1BFEB99F} = {FB45CDD6-FE86-4D2E-8C1F-04AB070EF449}
		{4036A4B9-D110-47B5-9B0B-1A83E89F1932} = {FB45CDD6-FE86-4D2E-8C1F-04AB070EF449}
		{54D75202-4F6F-4E9D-AC8A-D070F161D6EF} = {EEF4AE0F-2A59-4761-8FE9-B4314129C9F0}
		{EFF5E7D9-E670-41A1-A627-4AD325AF527E} = {EEF4AE0F-2A59-4761-8FE9-B4314129C9F0}
		{3CE5F050-562E-4EDA-A9B7-A230220332BA} = {EEF4AE0F-2A59-4761-8FE9-B4314129C9F0}
		{64C47804-7BE0-433F-B016-BBB382B462A1} = {1E1199B2-7868-4EDB-9FC7-4A5E5D0D50F6}
		{68BA3D8C-D968-41FA-B266-34068990D334} = {1E1199B2-7868-4EDB-9FC7-4A5E5D0D50F6}
		{39F309E6-17B9-497C-9570-6BA58868CF93} = {1E1199B2-7868-4EDB-9FC7-4A5E5D0D50F6}
		{6C6A4FA5-1D34-4A22-8EDB-3A0ACE158D54} = {1E1199B2-7868-4EDB-9FC7-4A5E5D0D50F6}
		{FA261907-EA90-41DA-8BE3-05F09958BE6D} = {1E1199B2-7868-4EDB-9FC7-4A5E5D0D50F6}
		{97A80E77-0CAD-4157-8D7A-9A147A6AFD64} = {1E1199B2-7868-4EDB-9FC7-4A5E5D0D50F6}
		{26493DDE-3320-4EFA-A006-BA167AA005BD} = {1E1199B2-7868-4EDB-9FC7-4A5E5D0D50F6}
		{47ABFF3F-B735-4B87-9BCE-D5F99DD05821} = {1E1199B2-7868-4EDB-9FC7-4A5E5D0D50F6}
		{1D4F8717-4485-4DB5-AC4F-FE119CBE738D} = {1E1199B2-7868-4EDB-9FC7-4A5E5D0D50F6}
		{C68CF62C-AB83-414E-B8E1-8A8300B91346} = {1E1199B2-7868-4EDB-9FC7-4A5E5D0D50F6}
		{54180FF8-4EB9-4D07-A944-4C3894A79334} = {1E1199B2-7868-4EDB-9FC7-4A5E5D0D50F6}
		{2BE0AFC9-9070-4CE4-8847-012A2A9C4F68} = {1E1199B2-7868-4EDB-9FC7-4A5E5D0D50F6}
		{DEAB4E79-F6A9-4DFF-9225-5A322389E0C2} = {1E1199B2-7868-4EDB-9FC7-4A5E5D0D50F6}
		{C29690EC-A15C-4AC4-869D-143767EC9E90} = {1E1199B2-7868-4EDB-9FC7-4A5E5D0D50F6}
		{FE88DD09-3118-40F0-AB15-3B170D83D3AB} = {1E1199B2-7868-4EDB-9FC7-4A5E5D0D50F6}
		{771410BF-8D0F-49A5-A0F8-A6D65DAF741F} = {D2C19EC1-5E8E-4D16-9E12-43837806BF2A}
		{26F75E2C-AC2F-4728-869F-2216C950CA0E} = {D2C19EC1-5E8E-4D16-9E12-43837806BF2A}
		{E1228A6A-544B-48CA-8E38-354B0972A1C8} = {D2C19EC1-5E8E-4D16-9E12-43837806BF2A}
		{4C71B5CE-B467-4C27-AB6B-ABD3F57AC9E8} = {D2C19EC1-5E8E-4D16-9E12-43837806BF2A}
		{54AF12C0-849D-497B-9353-A04A0BABED41} = {D2C19EC1-5E8E-4D16-9E12-43837806BF2A}
		{12751E8B-6D1A-4D15-84F2-96CC8BE6BE16} = {D2C19EC1-5E8E-4D16-9E12-43837806BF2A}
		{DADE7EBC-3847-45FD-99EF-2B9F479C66F9} = {D2C19EC1-5E8E-4D16-9E12-43837806BF2A}
		{13F8886C-7B4F-4935-9744-BD133B06031A} = {D2C19EC1-5E8E-4D16-9E12-43837806BF2A}
		{6D6563FB-31DC-4E22-8B5F-9077799BC63E} = {D2C19EC1-5E8E-4D16-9E12-43837806BF2A}
		{14141815-9C8F-49EB-B514-5EBDB68A2F02} = {D2C19EC1-5E8E-4D16-9E12-43837806BF2A}
		{F5501757-930D-43FE-9D29-6F3B3BF6CBEA} = {D2C19EC1-5E8E-4D16-9E12-43837806BF2A}
		{1A8C026F-134F-42DB-B6B6-6B99CD89B990} = {D2C19EC1-5E8E-4D16-9E12-43837806BF2A}
	EndGlobalSection
	GlobalSection(ExtensibilityGlobals) = postSolution
		SolutionGuid = {C3D78E4C-E88F-4E41-9724-7C902E86554C}
	EndGlobalSection
EndGlobal
